// !$*UTF8*$!
{
	archiveVersion = 1;
	classes = {
	};
	objectVersion = 50;
	objects = {

/* Begin PBXBuildFile section */
		60C338362418CB4000C8B8A1 /* AppDelegate.swift in Sources */ = {isa = PBXBuildFile; fileRef = 60C338352418CB4000C8B8A1 /* AppDelegate.swift */; };
		60C338382418CB4000C8B8A1 /* SceneDelegate.swift in Sources */ = {isa = PBXBuildFile; fileRef = 60C338372418CB4000C8B8A1 /* SceneDelegate.swift */; };
		60C3383D2418CB4000C8B8A1 /* Main.storyboard in Resources */ = {isa = PBXBuildFile; fileRef = 60C3383B2418CB4000C8B8A1 /* Main.storyboard */; };
		60C3383F2418CB4200C8B8A1 /* Assets.xcassets in Resources */ = {isa = PBXBuildFile; fileRef = 60C3383E2418CB4200C8B8A1 /* Assets.xcassets */; };
		60C338422418CB4200C8B8A1 /* LaunchScreen.storyboard in Resources */ = {isa = PBXBuildFile; fileRef = 60C338402418CB4200C8B8A1 /* LaunchScreen.storyboard */; };
		60C3384E2418CFE100C8B8A1 /* HomeView.swift in Sources */ = {isa = PBXBuildFile; fileRef = 60C3384D2418CFE100C8B8A1 /* HomeView.swift */; };
		60C338512418D0AC00C8B8A1 /* HomeViewPresenter.swift in Sources */ = {isa = PBXBuildFile; fileRef = 60C338502418D0AC00C8B8A1 /* HomeViewPresenter.swift */; };
		60C338542418D3A700C8B8A1 /* HomeViewInteractor.swift in Sources */ = {isa = PBXBuildFile; fileRef = 60C338532418D3A700C8B8A1 /* HomeViewInteractor.swift */; };
		60C338582418D56300C8B8A1 /* HomeTableViewCell.swift in Sources */ = {isa = PBXBuildFile; fileRef = 60C338562418D56300C8B8A1 /* HomeTableViewCell.swift */; };
		60C338592418D56300C8B8A1 /* HomeTableViewCell.xib in Resources */ = {isa = PBXBuildFile; fileRef = 60C338572418D56300C8B8A1 /* HomeTableViewCell.xib */; };
		60C3385B2418D73E00C8B8A1 /* HomeViewWireFrame.swift in Sources */ = {isa = PBXBuildFile; fileRef = 60C3385A2418D73E00C8B8A1 /* HomeViewWireFrame.swift */; };
		60E6E1EF2418F41B001BE809 /* FeedModel.swift in Sources */ = {isa = PBXBuildFile; fileRef = 60E6E1EE2418F41B001BE809 /* FeedModel.swift */; };
		60E6E1F12418F437001BE809 /* HomeViewProtocols.swift in Sources */ = {isa = PBXBuildFile; fileRef = 60E6E1F02418F437001BE809 /* HomeViewProtocols.swift */; };
/* End PBXBuildFile section */

/* Begin PBXFileReference section */
		60C338322418CB4000C8B8A1 /* iOS-Viper.app */ = {isa = PBXFileReference; explicitFileType = wrapper.application; includeInIndex = 0; path = "iOS-Viper.app"; sourceTree = BUILT_PRODUCTS_DIR; };
		60C338352418CB4000C8B8A1 /* AppDelegate.swift */ = {isa = PBXFileReference; lastKnownFileType = sourcecode.swift; path = AppDelegate.swift; sourceTree = "<group>"; };
		60C338372418CB4000C8B8A1 /* SceneDelegate.swift */ = {isa = PBXFileReference; lastKnownFileType = sourcecode.swift; path = SceneDelegate.swift; sourceTree = "<group>"; };
		60C3383C2418CB4000C8B8A1 /* Base */ = {isa = PBXFileReference; lastKnownFileType = file.storyboard; name = Base; path = Base.lproj/Main.storyboard; sourceTree = "<group>"; };
		60C3383E2418CB4200C8B8A1 /* Assets.xcassets */ = {isa = PBXFileReference; lastKnownFileType = folder.assetcatalog; path = Assets.xcassets; sourceTree = "<group>"; };
		60C338412418CB4200C8B8A1 /* Base */ = {isa = PBXFileReference; lastKnownFileType = file.storyboard; name = Base; path = Base.lproj/LaunchScreen.storyboard; sourceTree = "<group>"; };
		60C338432418CB4200C8B8A1 /* Info.plist */ = {isa = PBXFileReference; lastKnownFileType = text.plist.xml; path = Info.plist; sourceTree = "<group>"; };
		60C3384D2418CFE100C8B8A1 /* HomeView.swift */ = {isa = PBXFileReference; lastKnownFileType = sourcecode.swift; path = HomeView.swift; sourceTree = "<group>"; };
		60C338502418D0AC00C8B8A1 /* HomeViewPresenter.swift */ = {isa = PBXFileReference; lastKnownFileType = sourcecode.swift; path = HomeViewPresenter.swift; sourceTree = "<group>"; };
		60C338532418D3A700C8B8A1 /* HomeViewInteractor.swift */ = {isa = PBXFileReference; lastKnownFileType = sourcecode.swift; path = HomeViewInteractor.swift; sourceTree = "<group>"; };
		60C338562418D56300C8B8A1 /* HomeTableViewCell.swift */ = {isa = PBXFileReference; lastKnownFileType = sourcecode.swift; path = HomeTableViewCell.swift; sourceTree = "<group>"; };
		60C338572418D56300C8B8A1 /* HomeTableViewCell.xib */ = {isa = PBXFileReference; lastKnownFileType = file.xib; path = HomeTableViewCell.xib; sourceTree = "<group>"; };
		60C3385A2418D73E00C8B8A1 /* HomeViewWireFrame.swift */ = {isa = PBXFileReference; lastKnownFileType = sourcecode.swift; path = HomeViewWireFrame.swift; sourceTree = "<group>"; };
		60E6E1EE2418F41B001BE809 /* FeedModel.swift */ = {isa = PBXFileReference; lastKnownFileType = sourcecode.swift; path = FeedModel.swift; sourceTree = "<group>"; };
		60E6E1F02418F437001BE809 /* HomeViewProtocols.swift */ = {isa = PBXFileReference; lastKnownFileType = sourcecode.swift; path = HomeViewProtocols.swift; sourceTree = "<group>"; };
/* End PBXFileReference section */

/* Begin PBXFrameworksBuildPhase section */
		60C3382F2418CB4000C8B8A1 /* Frameworks */ = {
			isa = PBXFrameworksBuildPhase;
			buildActionMask = 2147483647;
			files = (
			);
			runOnlyForDeploymentPostprocessing = 0;
		};
/* End PBXFrameworksBuildPhase section */

/* Begin PBXGroup section */
		60C338292418CB4000C8B8A1 = {
			isa = PBXGroup;
			children = (
				60C338342418CB4000C8B8A1 /* iOS-Viper */,
				60C338332418CB4000C8B8A1 /* Products */,
			);
			sourceTree = "<group>";
		};
		60C338332418CB4000C8B8A1 /* Products */ = {
			isa = PBXGroup;
			children = (
				60C338322418CB4000C8B8A1 /* iOS-Viper.app */,
			);
			name = Products;
			sourceTree = "<group>";
		};
		60C338342418CB4000C8B8A1 /* iOS-Viper */ = {
			isa = PBXGroup;
			children = (
				60E6E1ED2418F409001BE809 /* Mpdel */,
				60C338492418CF8400C8B8A1 /* Home */,
				60C338352418CB4000C8B8A1 /* AppDelegate.swift */,
				60C338372418CB4000C8B8A1 /* SceneDelegate.swift */,
				60C3383B2418CB4000C8B8A1 /* Main.storyboard */,
				60C3383E2418CB4200C8B8A1 /* Assets.xcassets */,
				60C338402418CB4200C8B8A1 /* LaunchScreen.storyboard */,
				60C338432418CB4200C8B8A1 /* Info.plist */,
			);
			path = "iOS-Viper";
			sourceTree = "<group>";
		};
		60C338492418CF8400C8B8A1 /* Home */ = {
			isa = PBXGroup;
			children = (
				60C338552418D54F00C8B8A1 /* Cell */,
				60C3384F2418D00500C8B8A1 /* WireFrame */,
				60C3384C2418CFC600C8B8A1 /* Protocols */,
				60C338522418D39500C8B8A1 /* Interactor */,
				60C3384B2418CFC100C8B8A1 /* Presenter */,
				60C3384A2418CFBC00C8B8A1 /* View */,
			);
			path = Home;
			sourceTree = "<group>";
		};
		60C3384A2418CFBC00C8B8A1 /* View */ = {
			isa = PBXGroup;
			children = (
				60C3384D2418CFE100C8B8A1 /* HomeView.swift */,
			);
			path = View;
			sourceTree = "<group>";
		};
		60C3384B2418CFC100C8B8A1 /* Presenter */ = {
			isa = PBXGroup;
			children = (
				60C338502418D0AC00C8B8A1 /* HomeViewPresenter.swift */,
			);
			path = Presenter;
			sourceTree = "<group>";
		};
		60C3384C2418CFC600C8B8A1 /* Protocols */ = {
			isa = PBXGroup;
			children = (
				60E6E1F02418F437001BE809 /* HomeViewProtocols.swift */,
			);
			path = Protocols;
			sourceTree = "<group>";
		};
		60C3384F2418D00500C8B8A1 /* WireFrame */ = {
			isa = PBXGroup;
			children = (
				60C3385A2418D73E00C8B8A1 /* HomeViewWireFrame.swift */,
			);
			path = WireFrame;
			sourceTree = "<group>";
		};
		60C338522418D39500C8B8A1 /* Interactor */ = {
			isa = PBXGroup;
			children = (
				60C338532418D3A700C8B8A1 /* HomeViewInteractor.swift */,
			);
			path = Interactor;
			sourceTree = "<group>";
		};
		60C338552418D54F00C8B8A1 /* Cell */ = {
			isa = PBXGroup;
			children = (
				60C338562418D56300C8B8A1 /* HomeTableViewCell.swift */,
				60C338572418D56300C8B8A1 /* HomeTableViewCell.xib */,
			);
			path = Cell;
			sourceTree = "<group>";
		};
		60E6E1ED2418F409001BE809 /* Mpdel */ = {
			isa = PBXGroup;
			children = (
				60E6E1EE2418F41B001BE809 /* FeedModel.swift */,
			);
			path = Mpdel;
			sourceTree = "<group>";
		};
/* End PBXGroup section */

/* Begin PBXNativeTarget section */
		60C338312418CB4000C8B8A1 /* iOS-Viper */ = {
			isa = PBXNativeTarget;
			buildConfigurationList = 60C338462418CB4200C8B8A1 /* Build configuration list for PBXNativeTarget "iOS-Viper" */;
			buildPhases = (
				60C3382E2418CB4000C8B8A1 /* Sources */,
				60C3382F2418CB4000C8B8A1 /* Frameworks */,
				60C338302418CB4000C8B8A1 /* Resources */,
			);
			buildRules = (
			);
			dependencies = (
			);
			name = "iOS-Viper";
			productName = "iOS-Viper";
			productReference = 60C338322418CB4000C8B8A1 /* iOS-Viper.app */;
			productType = "com.apple.product-type.application";
		};
/* End PBXNativeTarget section */

/* Begin PBXProject section */
		60C3382A2418CB4000C8B8A1 /* Project object */ = {
			isa = PBXProject;
			attributes = {
				LastSwiftUpdateCheck = 1130;
				LastUpgradeCheck = 1130;
				ORGANIZATIONNAME = Sujin;
				TargetAttributes = {
					60C338312418CB4000C8B8A1 = {
						CreatedOnToolsVersion = 11.3.1;
					};
				};
			};
			buildConfigurationList = 60C3382D2418CB4000C8B8A1 /* Build configuration list for PBXProject "iOS-Viper" */;
			compatibilityVersion = "Xcode 9.3";
			developmentRegion = en;
			hasScannedForEncodings = 0;
			knownRegions = (
				en,
				Base,
			);
			mainGroup = 60C338292418CB4000C8B8A1;
			productRefGroup = 60C338332418CB4000C8B8A1 /* Products */;
			projectDirPath = "";
			projectRoot = "";
			targets = (
				60C338312418CB4000C8B8A1 /* iOS-Viper */,
			);
		};
/* End PBXProject section */

/* Begin PBXResourcesBuildPhase section */
		60C338302418CB4000C8B8A1 /* Resources */ = {
			isa = PBXResourcesBuildPhase;
			buildActionMask = 2147483647;
			files = (
				60C338422418CB4200C8B8A1 /* LaunchScreen.storyboard in Resources */,
				60C3383F2418CB4200C8B8A1 /* Assets.xcassets in Resources */,
				60C338592418D56300C8B8A1 /* HomeTableViewCell.xib in Resources */,
				60C3383D2418CB4000C8B8A1 /* Main.storyboard in Resources */,
			);
			runOnlyForDeploymentPostprocessing = 0;
		};
/* End PBXResourcesBuildPhase section */

/* Begin PBXSourcesBuildPhase section */
		60C3382E2418CB4000C8B8A1 /* Sources */ = {
			isa = PBXSourcesBuildPhase;
			buildActionMask = 2147483647;
			files = (
				60C3385B2418D73E00C8B8A1 /* HomeViewWireFrame.swift in Sources */,
				60C338542418D3A700C8B8A1 /* HomeViewInteractor.swift in Sources */,
				60C338582418D56300C8B8A1 /* HomeTableViewCell.swift in Sources */,
				60E6E1F12418F437001BE809 /* HomeViewProtocols.swift in Sources */,
				60C3384E2418CFE100C8B8A1 /* HomeView.swift in Sources */,
				60C338362418CB4000C8B8A1 /* AppDelegate.swift in Sources */,
				60C338382418CB4000C8B8A1 /* SceneDelegate.swift in Sources */,
				60C338512418D0AC00C8B8A1 /* HomeViewPresenter.swift in Sources */,
				60E6E1EF2418F41B001BE809 /* FeedModel.swift in Sources */,
			);
			runOnlyForDeploymentPostprocessing = 0;
		};
/* End PBXSourcesBuildPhase section */

/* Begin PBXVariantGroup section */
		60C3383B2418CB4000C8B8A1 /* Main.storyboard */ = {
			isa = PBXVariantGroup;
			children = (
				60C3383C2418CB4000C8B8A1 /* Base */,
			);
			name = Main.storyboard;
			sourceTree = "<group>";
		};
		60C338402418CB4200C8B8A1 /* LaunchScreen.storyboard */ = {
			isa = PBXVariantGroup;
			children = (
				60C338412418CB4200C8B8A1 /* Base */,
			);
			name = LaunchScreen.storyboard;
			sourceTree = "<group>";
		};
/* End PBXVariantGroup section */

/* Begin XCBuildConfiguration section */
		60C338442418CB4200C8B8A1 /* Debug */ = {
			isa = XCBuildConfiguration;
			buildSettings = {
				ALWAYS_SEARCH_USER_PATHS = NO;
				CLANG_ANALYZER_NONNULL = YES;
				CLANG_ANALYZER_NUMBER_OBJECT_CONVERSION = YES_AGGRESSIVE;
				CLANG_CXX_LANGUAGE_STANDARD = "gnu++14";
				CLANG_CXX_LIBRARY = "libc++";
				CLANG_ENABLE_MODULES = YES;
				CLANG_ENABLE_OBJC_ARC = YES;
				CLANG_ENABLE_OBJC_WEAK = YES;
				CLANG_WARN_BLOCK_CAPTURE_AUTORELEASING = YES;
				CLANG_WARN_BOOL_CONVERSION = YES;
				CLANG_WARN_COMMA = YES;
				CLANG_WARN_CONSTANT_CONVERSION = YES;
				CLANG_WARN_DEPRECATED_OBJC_IMPLEMENTATIONS = YES;
				CLANG_WARN_DIRECT_OBJC_ISA_USAGE = YES_ERROR;
				CLANG_WARN_DOCUMENTATION_COMMENTS = YES;
				CLANG_WARN_EMPTY_BODY = YES;
				CLANG_WARN_ENUM_CONVERSION = YES;
				CLANG_WARN_INFINITE_RECURSION = YES;
				CLANG_WARN_INT_CONVERSION = YES;
				CLANG_WARN_NON_LITERAL_NULL_CONVERSION = YES;
				CLANG_WARN_OBJC_IMPLICIT_RETAIN_SELF = YES;
				CLANG_WARN_OBJC_LITERAL_CONVERSION = YES;
				CLANG_WARN_OBJC_ROOT_CLASS = YES_ERROR;
				CLANG_WARN_RANGE_LOOP_ANALYSIS = YES;
				CLANG_WARN_STRICT_PROTOTYPES = YES;
				CLANG_WARN_SUSPICIOUS_MOVE = YES;
				CLANG_WARN_UNGUARDED_AVAILABILITY = YES_AGGRESSIVE;
				CLANG_WARN_UNREACHABLE_CODE = YES;
				CLANG_WARN__DUPLICATE_METHOD_MATCH = YES;
				COPY_PHASE_STRIP = NO;
				DEBUG_INFORMATION_FORMAT = dwarf;
				ENABLE_STRICT_OBJC_MSGSEND = YES;
				ENABLE_TESTABILITY = YES;
				GCC_C_LANGUAGE_STANDARD = gnu11;
				GCC_DYNAMIC_NO_PIC = NO;
				GCC_NO_COMMON_BLOCKS = YES;
				GCC_OPTIMIZATION_LEVEL = 0;
				GCC_PREPROCESSOR_DEFINITIONS = (
					"DEBUG=1",
					"$(inherited)",
				);
				GCC_WARN_64_TO_32_BIT_CONVERSION = YES;
				GCC_WARN_ABOUT_RETURN_TYPE = YES_ERROR;
				GCC_WARN_UNDECLARED_SELECTOR = YES;
				GCC_WARN_UNINITIALIZED_AUTOS = YES_AGGRESSIVE;
				GCC_WARN_UNUSED_FUNCTION = YES;
				GCC_WARN_UNUSED_VARIABLE = YES;
				IPHONEOS_DEPLOYMENT_TARGET = 13.2;
				MTL_ENABLE_DEBUG_INFO = INCLUDE_SOURCE;
				MTL_FAST_MATH = YES;
				ONLY_ACTIVE_ARCH = YES;
				SDKROOT = iphoneos;
				SWIFT_ACTIVE_COMPILATION_CONDITIONS = DEBUG;
				SWIFT_OPTIMIZATION_LEVEL = "-Onone";
			};
			name = Debug;
		};
		60C338452418CB4200C8B8A1 /* Release */ = {
			isa = XCBuildConfiguration;
			buildSettings = {
				ALWAYS_SEARCH_USER_PATHS = NO;
				CLANG_ANALYZER_NONNULL = YES;
				CLANG_ANALYZER_NUMBER_OBJECT_CONVERSION = YES_AGGRESSIVE;
				CLANG_CXX_LANGUAGE_STANDARD = "gnu++14";
				CLANG_CXX_LIBRARY = "libc++";
				CLANG_ENABLE_MODULES = YES;
				CLANG_ENABLE_OBJC_ARC = YES;
				CLANG_ENABLE_OBJC_WEAK = YES;
				CLANG_WARN_BLOCK_CAPTURE_AUTORELEASING = YES;
				CLANG_WARN_BOOL_CONVERSION = YES;
				CLANG_WARN_COMMA = YES;
				CLANG_WARN_CONSTANT_CONVERSION = YES;
				CLANG_WARN_DEPRECATED_OBJC_IMPLEMENTATIONS = YES;
				CLANG_WARN_DIRECT_OBJC_ISA_USAGE = YES_ERROR;
				CLANG_WARN_DOCUMENTATION_COMMENTS = YES;
				CLANG_WARN_EMPTY_BODY = YES;
				CLANG_WARN_ENUM_CONVERSION = YES;
				CLANG_WARN_INFINITE_RECURSION = YES;
				CLANG_WARN_INT_CONVERSION = YES;
				CLANG_WARN_NON_LITERAL_NULL_CONVERSION = YES;
				CLANG_WARN_OBJC_IMPLICIT_RETAIN_SELF = YES;
				CLANG_WARN_OBJC_LITERAL_CONVERSION = YES;
				CLANG_WARN_OBJC_ROOT_CLASS = YES_ERROR;
				CLANG_WARN_RANGE_LOOP_ANALYSIS = YES;
				CLANG_WARN_STRICT_PROTOTYPES = YES;
				CLANG_WARN_SUSPICIOUS_MOVE = YES;
				CLANG_WARN_UNGUARDED_AVAILABILITY = YES_AGGRESSIVE;
				CLANG_WARN_UNREACHABLE_CODE = YES;
				CLANG_WARN__DUPLICATE_METHOD_MATCH = YES;
				COPY_PHASE_STRIP = NO;
				DEBUG_INFORMATION_FORMAT = "dwarf-with-dsym";
				ENABLE_NS_ASSERTIONS = NO;
				ENABLE_STRICT_OBJC_MSGSEND = YES;
				GCC_C_LANGUAGE_STANDARD = gnu11;
				GCC_NO_COMMON_BLOCKS = YES;
				GCC_WARN_64_TO_32_BIT_CONVERSION = YES;
				GCC_WARN_ABOUT_RETURN_TYPE = YES_ERROR;
				GCC_WARN_UNDECLARED_SELECTOR = YES;
				GCC_WARN_UNINITIALIZED_AUTOS = YES_AGGRESSIVE;
				GCC_WARN_UNUSED_FUNCTION = YES;
				GCC_WARN_UNUSED_VARIABLE = YES;
				IPHONEOS_DEPLOYMENT_TARGET = 13.2;
				MTL_ENABLE_DEBUG_INFO = NO;
				MTL_FAST_MATH = YES;
				SDKROOT = iphoneos;
				SWIFT_COMPILATION_MODE = wholemodule;
				SWIFT_OPTIMIZATION_LEVEL = "-O";
				VALIDATE_PRODUCT = YES;
			};
			name = Release;
		};
		60C338472418CB4200C8B8A1 /* Debug */ = {
			isa = XCBuildConfiguration;
			buildSettings = {
				ASSETCATALOG_COMPILER_APPICON_NAME = AppIcon;
				CODE_SIGN_STYLE = Automatic;
				INFOPLIST_FILE = "iOS-Viper/Info.plist";
				LD_RUNPATH_SEARCH_PATHS = (
					"$(inherited)",
					"@executable_path/Frameworks",
				);
				PRODUCT_BUNDLE_IDENTIFIER = "com.non.iOS-Viper";
				PRODUCT_NAME = "$(TARGET_NAME)";
				SWIFT_VERSION = 5.0;
				TARGETED_DEVICE_FAMILY = "1,2";
			};
			name = Debug;
		};
		60C338482418CB4200C8B8A1 /* Release */ = {
			isa = XCBuildConfiguration;
			buildSettings = {
				ASSETCATALOG_COMPILER_APPICON_NAME = AppIcon;
				CODE_SIGN_STYLE = Automatic;
				INFOPLIST_FILE = "iOS-Viper/Info.plist";
				LD_RUNPATH_SEARCH_PATHS = (
					"$(inherited)",
					"@executable_path/Frameworks",
				);
				PRODUCT_BUNDLE_IDENTIFIER = "com.non.iOS-Viper";
				PRODUCT_NAME = "$(TARGET_NAME)";
				SWIFT_VERSION = 5.0;
				TARGETED_DEVICE_FAMILY = "1,2";
			};
			name = Release;
		};
/* End XCBuildConfiguration section */

/* Begin XCConfigurationList section */
		60C3382D2418CB4000C8B8A1 /* Build configuration list for PBXProject "iOS-Viper" */ = {
			isa = XCConfigurationList;
			buildConfigurations = (
				60C338442418CB4200C8B8A1 /* Debug */,
				60C338452418CB4200C8B8A1 /* Release */,
			);
			defaultConfigurationIsVisible = 0;
			defaultConfigurationName = Release;
		};
		60C338462418CB4200C8B8A1 /* Build configuration list for PBXNativeTarget "iOS-Viper" */ = {
			isa = XCConfigurationList;
			buildConfigurations = (
				60C338472418CB4200C8B8A1 /* Debug */,
				60C338482418CB4200C8B8A1 /* Release */,
			);
			defaultConfigurationIsVisible = 0;
			defaultConfigurationName = Release;
		};
/* End XCConfigurationList section */
	};
	rootObject = 60C3382A2418CB4000C8B8A1 /* Project object */;
}
